{
  "name": "Capstone_Application_2022",
  "lockfileVersion": 2,
  "requires": true,
  "packages": {
    "": {
      "dependencies": {
        "axios": "^0.26.1",
        "uuidv4": "^6.2.13"
      },
      "devDependencies": {
        "install-peers": "^1.0.4"
      }
    },
    "node_modules/@types/uuid": {
      "version": "8.3.4",
      "resolved": "https://registry.npmjs.org/@types/uuid/-/uuid-8.3.4.tgz",
      "integrity": "sha512-c/I8ZRb51j+pYGAu5CrFMRxqZ2ke4y2grEBO5AUjgSkSk+qT2Ea+OdWElz/OiMf5MNpn2b17kuVBwZLQJXzihw=="
    },
    "node_modules/axios": {
      "version": "0.26.1",
      "resolved": "https://registry.npmjs.org/axios/-/axios-0.26.1.tgz",
      "integrity": "sha512-fPwcX4EvnSHuInCMItEhAGnaSEXRBjtzh9fOtsE6E1G6p7vl7edEeZe11QHf18+6+9gR5PbKV/sGKNaD8YaMeA==",
      "dependencies": {
        "follow-redirects": "^1.14.8"
      }
    },
    "node_modules/executioner": {
      "version": "2.0.1",
      "resolved": "https://registry.npmjs.org/executioner/-/executioner-2.0.1.tgz",
      "integrity": "sha512-idZAlKsxEZASjaIqP4PQ1txyS1bOcDwWCHy/8p5oMmLGV0XNCQPD6WWAOwJCUVsWItWzAN2BEash5N78PliaIw==",
      "dev": true,
      "dependencies": {
        "mixly": "^1.0.0"
      }
    },
    "node_modules/follow-redirects": {
      "version": "1.14.9",
      "resolved": "https://registry.npmjs.org/follow-redirects/-/follow-redirects-1.14.9.tgz",
      "integrity": "sha512-MQDfihBQYMcyy5dhRDJUHcw7lb2Pv/TuE6xP1vyraLukNDHKbDxDNaOE3NbCAdKQApno+GPRyo1YAp89yCjK4w==",
      "funding": [
        {
          "type": "individual",
          "url": "https://github.com/sponsors/RubenVerborgh"
        }
      ],
      "engines": {
        "node": ">=4.0"
      },
      "peerDependenciesMeta": {
        "debug": {
          "optional": true
        }
      }
    },
    "node_modules/fulcon": {
      "version": "1.0.2",
      "resolved": "https://registry.npmjs.org/fulcon/-/fulcon-1.0.2.tgz",
      "integrity": "sha512-vYwUBqbdo9XK0NmN7cFmURmy2T1YHpEsTCbxGO3aErxx6a0Z/HkWXcqcPkk7yOuJ74mSAHGWGBSBBd6v3GKebA==",
      "dev": true,
      "engines": {
        "node": ">= 0.10"
      }
    },
    "node_modules/install-peers": {
      "version": "1.0.4",
      "resolved": "https://registry.npmjs.org/install-peers/-/install-peers-1.0.4.tgz",
      "integrity": "sha512-0POFG2zRn/rt0uO1tUekCDhq6t6l3HDjxR42+Hcbjmj75Gv4yuqEfMe63HC76piO1lsctAp/cQW+Ny+i/SxTlg==",
      "dev": true,
      "hasInstallScript": true,
      "dependencies": {
        "executioner": "^2.0.1"
      }
    },
    "node_modules/mixly": {
      "version": "1.0.0",
      "resolved": "https://registry.npmjs.org/mixly/-/mixly-1.0.0.tgz",
      "integrity": "sha512-ks+xIMVeIDwuYK4LnOMXTfmiEI8oo3tFNFirpHd60C4r2H0wMwKN5/qHCrFBKFK+BYx2Gp7qs+evUJw7QO9D2w==",
      "dev": true,
      "dependencies": {
        "fulcon": "^1.0.1"
      },
      "engines": {
        "node": ">= 0.10"
      }
    },
    "node_modules/uuid": {
      "version": "8.3.2",
      "resolved": "https://registry.npmjs.org/uuid/-/uuid-8.3.2.tgz",
      "integrity": "sha512-+NYs2QeMWy+GWFOEm9xnn6HCDp0l7QBD7ml8zLUmJ+93Q5NF0NocErnwkTkXVFNiX3/fpC6afS8Dhb/gz7R7eg==",
      "bin": {
        "uuid": "dist/bin/uuid"
      }
    },
    "node_modules/uuidv4": {
      "version": "6.2.13",
      "resolved": "https://registry.npmjs.org/uuidv4/-/uuidv4-6.2.13.tgz",
      "integrity": "sha512-AXyzMjazYB3ovL3q051VLH06Ixj//Knx7QnUSi1T//Ie3io6CpsPu9nVMOx5MoLWh6xV0B9J0hIaxungxXUbPQ==",
      "dependencies": {
        "@types/uuid": "8.3.4",
        "uuid": "8.3.2"
      }
    }
  },
  "dependencies": {
    "@types/uuid": {
      "version": "8.3.4",
      "resolved": "https://registry.npmjs.org/@types/uuid/-/uuid-8.3.4.tgz",
      "integrity": "sha512-c/I8ZRb51j+pYGAu5CrFMRxqZ2ke4y2grEBO5AUjgSkSk+qT2Ea+OdWElz/OiMf5MNpn2b17kuVBwZLQJXzihw=="
    },
    "axios": {
      "version": "0.26.1",
      "resolved": "https://registry.npmjs.org/axios/-/axios-0.26.1.tgz",
      "integrity": "sha512-fPwcX4EvnSHuInCMItEhAGnaSEXRBjtzh9fOtsE6E1G6p7vl7edEeZe11QHf18+6+9gR5PbKV/sGKNaD8YaMeA==",
      "requires": {
        "follow-redirects": "^1.14.8"
      }
    },
    "executioner": {
      "version": "2.0.1",
      "resolved": "https://registry.npmjs.org/executioner/-/executioner-2.0.1.tgz",
      "integrity": "sha512-idZAlKsxEZASjaIqP4PQ1txyS1bOcDwWCHy/8p5oMmLGV0XNCQPD6WWAOwJCUVsWItWzAN2BEash5N78PliaIw==",
      "dev": true,
      "requires": {
        "mixly": "^1.0.0"
      }
    },
    "follow-redirects": {
      "version": "1.14.9",
      "resolved": "https://registry.npmjs.org/follow-redirects/-/follow-redirects-1.14.9.tgz",
      "integrity": "sha512-MQDfihBQYMcyy5dhRDJUHcw7lb2Pv/TuE6xP1vyraLukNDHKbDxDNaOE3NbCAdKQApno+GPRyo1YAp89yCjK4w=="
    },
    "fulcon": {
      "version": "1.0.2",
      "resolved": "https://registry.npmjs.org/fulcon/-/fulcon-1.0.2.tgz",
      "integrity": "sha512-vYwUBqbdo9XK0NmN7cFmURmy2T1YHpEsTCbxGO3aErxx6a0Z/HkWXcqcPkk7yOuJ74mSAHGWGBSBBd6v3GKebA==",
      "dev": true
    },
    "install-peers": {
      "version": "1.0.4",
      "resolved": "https://registry.npmjs.org/install-peers/-/install-peers-1.0.4.tgz",
      "integrity": "sha512-0POFG2zRn/rt0uO1tUekCDhq6t6l3HDjxR42+Hcbjmj75Gv4yuqEfMe63HC76piO1lsctAp/cQW+Ny+i/SxTlg==",
      "dev": true,
      "requires": {
        "executioner": "^2.0.1"
      }
    },
    "mixly": {
      "version": "1.0.0",
      "resolved": "https://registry.npmjs.org/mixly/-/mixly-1.0.0.tgz",
      "integrity": "sha512-ks+xIMVeIDwuYK4LnOMXTfmiEI8oo3tFNFirpHd60C4r2H0wMwKN5/qHCrFBKFK+BYx2Gp7qs+evUJw7QO9D2w==",
      "dev": true,
      "requires": {
        "fulcon": "^1.0.1"
      }
    },
    "uuid": {
      "version": "8.3.2",
      "resolved": "https://registry.npmjs.org/uuid/-/uuid-8.3.2.tgz",
      "integrity": "sha512-+NYs2QeMWy+GWFOEm9xnn6HCDp0l7QBD7ml8zLUmJ+93Q5NF0NocErnwkTkXVFNiX3/fpC6afS8Dhb/gz7R7eg=="
    },
    "uuidv4": {
      "version": "6.2.13",
      "resolved": "https://registry.npmjs.org/uuidv4/-/uuidv4-6.2.13.tgz",
      "integrity": "sha512-AXyzMjazYB3ovL3q051VLH06Ixj//Knx7QnUSi1T//Ie3io6CpsPu9nVMOx5MoLWh6xV0B9J0hIaxungxXUbPQ==",
      "requires": {
        "@types/uuid": "8.3.4",
        "uuid": "8.3.2"
      }
    }
  }
}
